
Microsoft Visual Studio Solution File, Format Version 12.00
# Visual Studio Version 16
VisualStudioVersion = 16.0.31702.278
MinimumVisualStudioVersion = 10.0.40219.1
Project("{FAE04EC0-301F-11D3-BF4B-00C04F79EFBC}") = "Тестовый", "Тестовый\Тестовый.csproj", "{B354A41E-930E-4575-9160-1ADF2C0947AE}"
EndProject
Global
	GlobalSection(SolutionConfigurationPlatforms) = preSolution
		Debug|Any CPU = Debug|Any CPU
		Release|Any CPU = Release|Any CPU
	EndGlobalSection
	GlobalSection(ProjectConfigurationPlatforms) = postSolution
		{B354A41E-930E-4575-9160-1ADF2C0947AE}.Debug|Any CPU.ActiveCfg = Debug|Any CPU
		{B354A41E-930E-4575-9160-1ADF2C0947AE}.Debug|Any CPU.Build.0 = Debug|Any CPU
		{B354A41E-930E-4575-9160-1ADF2C0947AE}.Release|Any CPU.ActiveCfg = Release|Any CPU
		{B354A41E-930E-4575-9160-1ADF2C0947AE}.Release|Any CPU.Build.0 = Release|Any CPU
	EndGlobalSection
	GlobalSection(SolutionProperties) = preSolution
		HideSolutionNode = FALSE
	EndGlobalSection
	GlobalSection(ExtensibilityGlobals) = postSolution
		SolutionGuid = {34A92638-5FCA-4326-9288-0EBB10991068}
	EndGlobalSection
EndGlobal
